// !$*UTF8*$!
{
	archiveVersion = 1;
	classes = {
	};
	objectVersion = 51;
	objects = {

/* Begin PBXBuildFile section */
		1BA30BA42619847200B86DC6 /* AppDelegate.swift in Sources */ = {isa = PBXBuildFile; fileRef = 1BA30BA32619847200B86DC6 /* AppDelegate.swift */; };
		1BA30BA62619847200B86DC6 /* SceneDelegate.swift in Sources */ = {isa = PBXBuildFile; fileRef = 1BA30BA52619847200B86DC6 /* SceneDelegate.swift */; };
		1BA30BAD2619847400B86DC6 /* Assets.xcassets in Resources */ = {isa = PBXBuildFile; fileRef = 1BA30BAC2619847400B86DC6 /* Assets.xcassets */; };
		1BA30BB02619847400B86DC6 /* LaunchScreen.storyboard in Resources */ = {isa = PBXBuildFile; fileRef = 1BA30BAE2619847400B86DC6 /* LaunchScreen.storyboard */; };
		1BA30BBA261984AD00B86DC6 /* MainViewController.swift in Sources */ = {isa = PBXBuildFile; fileRef = 1BA30BB8261984AD00B86DC6 /* MainViewController.swift */; };
		1BA30BBB261984AD00B86DC6 /* MainViewController.xib in Resources */ = {isa = PBXBuildFile; fileRef = 1BA30BB9261984AD00B86DC6 /* MainViewController.xib */; };
		1BA69F9E261A03F3000DE7B4 /* MainViewModel.swift in Sources */ = {isa = PBXBuildFile; fileRef = 1BA69F9D261A03F3000DE7B4 /* MainViewModel.swift */; };
		1BC9BBB3264816B800F64EE2 /* IntExtension.swift in Sources */ = {isa = PBXBuildFile; fileRef = 1BC9BBB2264816B800F64EE2 /* IntExtension.swift */; };
		1BC9BBB52648171400F64EE2 /* DateExtension.swift in Sources */ = {isa = PBXBuildFile; fileRef = 1BC9BBB42648171400F64EE2 /* DateExtension.swift */; };
		1BFF0EBF26199BE400DF84BA /* Colors.xcassets in Resources */ = {isa = PBXBuildFile; fileRef = 1BFF0EBE26199BE400DF84BA /* Colors.xcassets */; };
		1BFF0EC62619A5AA00DF84BA /* UIColorExtension.swift in Sources */ = {isa = PBXBuildFile; fileRef = 1BFF0EC52619A5AA00DF84BA /* UIColorExtension.swift */; };
		1BFF0ED2261A029400DF84BA /* DiaryCell.swift in Sources */ = {isa = PBXBuildFile; fileRef = 1BFF0ED0261A029400DF84BA /* DiaryCell.swift */; };
		1BFF0ED3261A029400DF84BA /* DiaryCell.xib in Resources */ = {isa = PBXBuildFile; fileRef = 1BFF0ED1261A029400DF84BA /* DiaryCell.xib */; };
		88CB3EFD97F9421769F0D18F /* Pods_DayMoji.framework in Frameworks */ = {isa = PBXBuildFile; fileRef = C4322E19437DFB4ADFB74C53 /* Pods_DayMoji.framework */; };
/* End PBXBuildFile section */

/* Begin PBXFileReference section */
		1BA30BA02619847200B86DC6 /* DayMoji.app */ = {isa = PBXFileReference; explicitFileType = wrapper.application; includeInIndex = 0; path = DayMoji.app; sourceTree = BUILT_PRODUCTS_DIR; };
		1BA30BA32619847200B86DC6 /* AppDelegate.swift */ = {isa = PBXFileReference; lastKnownFileType = sourcecode.swift; path = AppDelegate.swift; sourceTree = "<group>"; };
		1BA30BA52619847200B86DC6 /* SceneDelegate.swift */ = {isa = PBXFileReference; lastKnownFileType = sourcecode.swift; path = SceneDelegate.swift; sourceTree = "<group>"; };
		1BA30BAC2619847400B86DC6 /* Assets.xcassets */ = {isa = PBXFileReference; lastKnownFileType = folder.assetcatalog; path = Assets.xcassets; sourceTree = "<group>"; };
		1BA30BAF2619847400B86DC6 /* Base */ = {isa = PBXFileReference; lastKnownFileType = file.storyboard; name = Base; path = Base.lproj/LaunchScreen.storyboard; sourceTree = "<group>"; };
		1BA30BB12619847400B86DC6 /* Info.plist */ = {isa = PBXFileReference; lastKnownFileType = text.plist.xml; path = Info.plist; sourceTree = "<group>"; };
		1BA30BB8261984AD00B86DC6 /* MainViewController.swift */ = {isa = PBXFileReference; lastKnownFileType = sourcecode.swift; path = MainViewController.swift; sourceTree = "<group>"; };
		1BA30BB9261984AD00B86DC6 /* MainViewController.xib */ = {isa = PBXFileReference; lastKnownFileType = file.xib; path = MainViewController.xib; sourceTree = "<group>"; };
		1BA69F9D261A03F3000DE7B4 /* MainViewModel.swift */ = {isa = PBXFileReference; lastKnownFileType = sourcecode.swift; path = MainViewModel.swift; sourceTree = "<group>"; };
		1BC9BBB2264816B800F64EE2 /* IntExtension.swift */ = {isa = PBXFileReference; lastKnownFileType = sourcecode.swift; path = IntExtension.swift; sourceTree = "<group>"; };
		1BC9BBB42648171400F64EE2 /* DateExtension.swift */ = {isa = PBXFileReference; lastKnownFileType = sourcecode.swift; path = DateExtension.swift; sourceTree = "<group>"; };
		1BFF0EBE26199BE400DF84BA /* Colors.xcassets */ = {isa = PBXFileReference; lastKnownFileType = folder.assetcatalog; path = Colors.xcassets; sourceTree = "<group>"; };
		1BFF0EC52619A5AA00DF84BA /* UIColorExtension.swift */ = {isa = PBXFileReference; lastKnownFileType = sourcecode.swift; path = UIColorExtension.swift; sourceTree = "<group>"; };
		1BFF0ED0261A029400DF84BA /* DiaryCell.swift */ = {isa = PBXFileReference; lastKnownFileType = sourcecode.swift; path = DiaryCell.swift; sourceTree = "<group>"; };
		1BFF0ED1261A029400DF84BA /* DiaryCell.xib */ = {isa = PBXFileReference; lastKnownFileType = file.xib; path = DiaryCell.xib; sourceTree = "<group>"; };
		7D2CFA81927705C985DDDBDF /* Pods-DayMoji.release.xcconfig */ = {isa = PBXFileReference; includeInIndex = 1; lastKnownFileType = text.xcconfig; name = "Pods-DayMoji.release.xcconfig"; path = "Target Support Files/Pods-DayMoji/Pods-DayMoji.release.xcconfig"; sourceTree = "<group>"; };
		C3F726686D00ED0FDAA9B3F8 /* Pods-DayMoji.debug.xcconfig */ = {isa = PBXFileReference; includeInIndex = 1; lastKnownFileType = text.xcconfig; name = "Pods-DayMoji.debug.xcconfig"; path = "Target Support Files/Pods-DayMoji/Pods-DayMoji.debug.xcconfig"; sourceTree = "<group>"; };
		C4322E19437DFB4ADFB74C53 /* Pods_DayMoji.framework */ = {isa = PBXFileReference; explicitFileType = wrapper.framework; includeInIndex = 0; path = Pods_DayMoji.framework; sourceTree = BUILT_PRODUCTS_DIR; };
/* End PBXFileReference section */

/* Begin PBXFrameworksBuildPhase section */
		1BA30B9D2619847200B86DC6 /* Frameworks */ = {
			isa = PBXFrameworksBuildPhase;
			buildActionMask = 2147483647;
			files = (
				88CB3EFD97F9421769F0D18F /* Pods_DayMoji.framework in Frameworks */,
			);
			runOnlyForDeploymentPostprocessing = 0;
		};
/* End PBXFrameworksBuildPhase section */

/* Begin PBXGroup section */
		1BA30B972619847200B86DC6 = {
			isa = PBXGroup;
			children = (
				1BA30BA22619847200B86DC6 /* DayMoji */,
				1BA30BA12619847200B86DC6 /* Products */,
				B39C08043531D360AB9FB2CA /* Pods */,
				DFB81AAC9852219FC74565AB /* Frameworks */,
			);
			sourceTree = "<group>";
		};
		1BA30BA12619847200B86DC6 /* Products */ = {
			isa = PBXGroup;
			children = (
				1BA30BA02619847200B86DC6 /* DayMoji.app */,
			);
			name = Products;
			sourceTree = "<group>";
		};
		1BA30BA22619847200B86DC6 /* DayMoji */ = {
			isa = PBXGroup;
			children = (
				1BA30BA32619847200B86DC6 /* AppDelegate.swift */,
				1BA30BA52619847200B86DC6 /* SceneDelegate.swift */,
				1BA30BAE2619847400B86DC6 /* LaunchScreen.storyboard */,
				1BFF0EC22619A56600DF84BA /* Main */,
				1BFF0EC32619A57800DF84BA /* Assets */,
				1BFF0EC42619A59400DF84BA /* Extensions */,
				1BA30BB12619847400B86DC6 /* Info.plist */,
			);
			path = DayMoji;
			sourceTree = "<group>";
		};
		1BFF0EC22619A56600DF84BA /* Main */ = {
			isa = PBXGroup;
			children = (
				1BFF0EC82619A63200DF84BA /* Cells */,
				1BA69F9D261A03F3000DE7B4 /* MainViewModel.swift */,
				1BA30BB8261984AD00B86DC6 /* MainViewController.swift */,
				1BA30BB9261984AD00B86DC6 /* MainViewController.xib */,
			);
			path = Main;
			sourceTree = "<group>";
		};
		1BFF0EC32619A57800DF84BA /* Assets */ = {
			isa = PBXGroup;
			children = (
				1BA30BAC2619847400B86DC6 /* Assets.xcassets */,
				1BFF0EBE26199BE400DF84BA /* Colors.xcassets */,
			);
			path = Assets;
			sourceTree = "<group>";
		};
		1BFF0EC42619A59400DF84BA /* Extensions */ = {
			isa = PBXGroup;
			children = (
				1BFF0EC52619A5AA00DF84BA /* UIColorExtension.swift */,
				1BC9BBB2264816B800F64EE2 /* IntExtension.swift */,
				1BC9BBB42648171400F64EE2 /* DateExtension.swift */,
			);
			path = Extensions;
			sourceTree = "<group>";
		};
		1BFF0EC82619A63200DF84BA /* Cells */ = {
			isa = PBXGroup;
			children = (
				1BFF0ED0261A029400DF84BA /* DiaryCell.swift */,
				1BFF0ED1261A029400DF84BA /* DiaryCell.xib */,
			);
			path = Cells;
			sourceTree = "<group>";
		};
		B39C08043531D360AB9FB2CA /* Pods */ = {
			isa = PBXGroup;
			children = (
				C3F726686D00ED0FDAA9B3F8 /* Pods-DayMoji.debug.xcconfig */,
				7D2CFA81927705C985DDDBDF /* Pods-DayMoji.release.xcconfig */,
			);
			path = Pods;
			sourceTree = "<group>";
		};
		DFB81AAC9852219FC74565AB /* Frameworks */ = {
			isa = PBXGroup;
			children = (
				C4322E19437DFB4ADFB74C53 /* Pods_DayMoji.framework */,
			);
			name = Frameworks;
			sourceTree = "<group>";
		};
/* End PBXGroup section */

/* Begin PBXNativeTarget section */
		1BA30B9F2619847200B86DC6 /* DayMoji */ = {
			isa = PBXNativeTarget;
			buildConfigurationList = 1BA30BB42619847400B86DC6 /* Build configuration list for PBXNativeTarget "DayMoji" */;
			buildPhases = (
				47E441CD3581E4372089A7DB /* [CP] Check Pods Manifest.lock */,
				1BA30B9C2619847200B86DC6 /* Sources */,
				1BA30B9D2619847200B86DC6 /* Frameworks */,
				1BA30B9E2619847200B86DC6 /* Resources */,
				94A99602D31580F40B5DD796 /* [CP] Embed Pods Frameworks */,
			);
			buildRules = (
			);
			dependencies = (
			);
			name = DayMoji;
			productName = DayMoji;
			productReference = 1BA30BA02619847200B86DC6 /* DayMoji.app */;
			productType = "com.apple.product-type.application";
		};
/* End PBXNativeTarget section */

/* Begin PBXProject section */
		1BA30B982619847200B86DC6 /* Project object */ = {
			isa = PBXProject;
			attributes = {
				LastSwiftUpdateCheck = 1240;
				LastUpgradeCheck = 1240;
				TargetAttributes = {
					1BA30B9F2619847200B86DC6 = {
						CreatedOnToolsVersion = 12.4;
					};
				};
			};
			buildConfigurationList = 1BA30B9B2619847200B86DC6 /* Build configuration list for PBXProject "DayMoji" */;
			compatibilityVersion = "Xcode 9.3";
			developmentRegion = en;
			hasScannedForEncodings = 0;
			knownRegions = (
				en,
				Base,
			);
			mainGroup = 1BA30B972619847200B86DC6;
			productRefGroup = 1BA30BA12619847200B86DC6 /* Products */;
			projectDirPath = "";
			projectRoot = "";
			targets = (
				1BA30B9F2619847200B86DC6 /* DayMoji */,
			);
		};
/* End PBXProject section */

/* Begin PBXResourcesBuildPhase section */
		1BA30B9E2619847200B86DC6 /* Resources */ = {
			isa = PBXResourcesBuildPhase;
			buildActionMask = 2147483647;
			files = (
				1BA30BB02619847400B86DC6 /* LaunchScreen.storyboard in Resources */,
				1BFF0EBF26199BE400DF84BA /* Colors.xcassets in Resources */,
				1BFF0ED3261A029400DF84BA /* DiaryCell.xib in Resources */,
				1BA30BAD2619847400B86DC6 /* Assets.xcassets in Resources */,
				1BA30BBB261984AD00B86DC6 /* MainViewController.xib in Resources */,
			);
			runOnlyForDeploymentPostprocessing = 0;
		};
/* End PBXResourcesBuildPhase section */

/* Begin PBXShellScriptBuildPhase section */
		47E441CD3581E4372089A7DB /* [CP] Check Pods Manifest.lock */ = {
			isa = PBXShellScriptBuildPhase;
			buildActionMask = 2147483647;
			files = (
			);
			inputFileListPaths = (
			);
			inputPaths = (
				"${PODS_PODFILE_DIR_PATH}/Podfile.lock",
				"${PODS_ROOT}/Manifest.lock",
			);
			name = "[CP] Check Pods Manifest.lock";
			outputFileListPaths = (
			);
			outputPaths = (
				"$(DERIVED_FILE_DIR)/Pods-DayMoji-checkManifestLockResult.txt",
			);
			runOnlyForDeploymentPostprocessing = 0;
			shellPath = /bin/sh;
			shellScript = "diff \"${PODS_PODFILE_DIR_PATH}/Podfile.lock\" \"${PODS_ROOT}/Manifest.lock\" > /dev/null\nif [ $? != 0 ] ; then\n    # print error to STDERR\n    echo \"error: The sandbox is not in sync with the Podfile.lock. Run 'pod install' or update your CocoaPods installation.\" >&2\n    exit 1\nfi\n# This output is used by Xcode 'outputs' to avoid re-running this script phase.\necho \"SUCCESS\" > \"${SCRIPT_OUTPUT_FILE_0}\"\n";
			showEnvVarsInLog = 0;
		};
		94A99602D31580F40B5DD796 /* [CP] Embed Pods Frameworks */ = {
			isa = PBXShellScriptBuildPhase;
			buildActionMask = 2147483647;
			files = (
			);
			inputFileListPaths = (
				"${PODS_ROOT}/Target Support Files/Pods-DayMoji/Pods-DayMoji-frameworks-${CONFIGURATION}-input-files.xcfilelist",
			);
			name = "[CP] Embed Pods Frameworks";
			outputFileListPaths = (
				"${PODS_ROOT}/Target Support Files/Pods-DayMoji/Pods-DayMoji-frameworks-${CONFIGURATION}-output-files.xcfilelist",
			);
			runOnlyForDeploymentPostprocessing = 0;
			shellPath = /bin/sh;
			shellScript = "\"${PODS_ROOT}/Target Support Files/Pods-DayMoji/Pods-DayMoji-frameworks.sh\"\n";
			showEnvVarsInLog = 0;
		};
/* End PBXShellScriptBuildPhase section */

/* Begin PBXSourcesBuildPhase section */
		1BA30B9C2619847200B86DC6 /* Sources */ = {
			isa = PBXSourcesBuildPhase;
			buildActionMask = 2147483647;
			files = (
				1BA30BA42619847200B86DC6 /* AppDelegate.swift in Sources */,
				1BC9BBB52648171400F64EE2 /* DateExtension.swift in Sources */,
				1BA30BA62619847200B86DC6 /* SceneDelegate.swift in Sources */,
				1BC9BBB3264816B800F64EE2 /* IntExtension.swift in Sources */,
				1BA30BBA261984AD00B86DC6 /* MainViewController.swift in Sources */,
				1BFF0ED2261A029400DF84BA /* DiaryCell.swift in Sources */,
				1BFF0EC62619A5AA00DF84BA /* UIColorExtension.swift in Sources */,
				1BA69F9E261A03F3000DE7B4 /* MainViewModel.swift in Sources */,
			);
			runOnlyForDeploymentPostprocessing = 0;
		};
/* End PBXSourcesBuildPhase section */

/* Begin PBXVariantGroup section */
		1BA30BAE2619847400B86DC6 /* LaunchScreen.storyboard */ = {
			isa = PBXVariantGroup;
			children = (
				1BA30BAF2619847400B86DC6 /* Base */,
			);
			name = LaunchScreen.storyboard;
			sourceTree = "<group>";
		};
/* End PBXVariantGroup section */

/* Begin XCBuildConfiguration section */
		1BA30BB22619847400B86DC6 /* Debug */ = {
			isa = XCBuildConfiguration;
			buildSettings = {
				ALWAYS_SEARCH_USER_PATHS = NO;
				CLANG_ANALYZER_NONNULL = YES;
				CLANG_ANALYZER_NUMBER_OBJECT_CONVERSION = YES_AGGRESSIVE;
				CLANG_CXX_LANGUAGE_STANDARD = "gnu++14";
				CLANG_CXX_LIBRARY = "libc++";
				CLANG_ENABLE_MODULES = YES;
				CLANG_ENABLE_OBJC_ARC = YES;
				CLANG_ENABLE_OBJC_WEAK = YES;
				CLANG_WARN_BLOCK_CAPTURE_AUTORELEASING = YES;
				CLANG_WARN_BOOL_CONVERSION = YES;
				CLANG_WARN_COMMA = YES;
				CLANG_WARN_CONSTANT_CONVERSION = YES;
				CLANG_WARN_DEPRECATED_OBJC_IMPLEMENTATIONS = YES;
				CLANG_WARN_DIRECT_OBJC_ISA_USAGE = YES_ERROR;
				CLANG_WARN_DOCUMENTATION_COMMENTS = YES;
				CLANG_WARN_EMPTY_BODY = YES;
				CLANG_WARN_ENUM_CONVERSION = YES;
				CLANG_WARN_INFINITE_RECURSION = YES;
				CLANG_WARN_INT_CONVERSION = YES;
				CLANG_WARN_NON_LITERAL_NULL_CONVERSION = YES;
				CLANG_WARN_OBJC_IMPLICIT_RETAIN_SELF = YES;
				CLANG_WARN_OBJC_LITERAL_CONVERSION = YES;
				CLANG_WARN_OBJC_ROOT_CLASS = YES_ERROR;
				CLANG_WARN_QUOTED_INCLUDE_IN_FRAMEWORK_HEADER = YES;
				CLANG_WARN_RANGE_LOOP_ANALYSIS = YES;
				CLANG_WARN_STRICT_PROTOTYPES = YES;
				CLANG_WARN_SUSPICIOUS_MOVE = YES;
				CLANG_WARN_UNGUARDED_AVAILABILITY = YES_AGGRESSIVE;
				CLANG_WARN_UNREACHABLE_CODE = YES;
				CLANG_WARN__DUPLICATE_METHOD_MATCH = YES;
				COPY_PHASE_STRIP = NO;
				DEBUG_INFORMATION_FORMAT = dwarf;
				ENABLE_STRICT_OBJC_MSGSEND = YES;
				ENABLE_TESTABILITY = YES;
				GCC_C_LANGUAGE_STANDARD = gnu11;
				GCC_DYNAMIC_NO_PIC = NO;
				GCC_NO_COMMON_BLOCKS = YES;
				GCC_OPTIMIZATION_LEVEL = 0;
				GCC_PREPROCESSOR_DEFINITIONS = (
					"DEBUG=1",
					"$(inherited)",
				);
				GCC_WARN_64_TO_32_BIT_CONVERSION = YES;
				GCC_WARN_ABOUT_RETURN_TYPE = YES_ERROR;
				GCC_WARN_UNDECLARED_SELECTOR = YES;
				GCC_WARN_UNINITIALIZED_AUTOS = YES_AGGRESSIVE;
				GCC_WARN_UNUSED_FUNCTION = YES;
				GCC_WARN_UNUSED_VARIABLE = YES;
				IPHONEOS_DEPLOYMENT_TARGET = 13.0;
				MTL_ENABLE_DEBUG_INFO = INCLUDE_SOURCE;
				MTL_FAST_MATH = YES;
				ONLY_ACTIVE_ARCH = YES;
				SDKROOT = iphoneos;
				SWIFT_ACTIVE_COMPILATION_CONDITIONS = DEBUG;
				SWIFT_OPTIMIZATION_LEVEL = "-Onone";
			};
			name = Debug;
		};
		1BA30BB32619847400B86DC6 /* Release */ = {
			isa = XCBuildConfiguration;
			buildSettings = {
				ALWAYS_SEARCH_USER_PATHS = NO;
				CLANG_ANALYZER_NONNULL = YES;
				CLANG_ANALYZER_NUMBER_OBJECT_CONVERSION = YES_AGGRESSIVE;
				CLANG_CXX_LANGUAGE_STANDARD = "gnu++14";
				CLANG_CXX_LIBRARY = "libc++";
				CLANG_ENABLE_MODULES = YES;
				CLANG_ENABLE_OBJC_ARC = YES;
				CLANG_ENABLE_OBJC_WEAK = YES;
				CLANG_WARN_BLOCK_CAPTURE_AUTORELEASING = YES;
				CLANG_WARN_BOOL_CONVERSION = YES;
				CLANG_WARN_COMMA = YES;
				CLANG_WARN_CONSTANT_CONVERSION = YES;
				CLANG_WARN_DEPRECATED_OBJC_IMPLEMENTATIONS = YES;
				CLANG_WARN_DIRECT_OBJC_ISA_USAGE = YES_ERROR;
				CLANG_WARN_DOCUMENTATION_COMMENTS = YES;
				CLANG_WARN_EMPTY_BODY = YES;
				CLANG_WARN_ENUM_CONVERSION = YES;
				CLANG_WARN_INFINITE_RECURSION = YES;
				CLANG_WARN_INT_CONVERSION = YES;
				CLANG_WARN_NON_LITERAL_NULL_CONVERSION = YES;
				CLANG_WARN_OBJC_IMPLICIT_RETAIN_SELF = YES;
				CLANG_WARN_OBJC_LITERAL_CONVERSION = YES;
				CLANG_WARN_OBJC_ROOT_CLASS = YES_ERROR;
				CLANG_WARN_QUOTED_INCLUDE_IN_FRAMEWORK_HEADER = YES;
				CLANG_WARN_RANGE_LOOP_ANALYSIS = YES;
				CLANG_WARN_STRICT_PROTOTYPES = YES;
				CLANG_WARN_SUSPICIOUS_MOVE = YES;
				CLANG_WARN_UNGUARDED_AVAILABILITY = YES_AGGRESSIVE;
				CLANG_WARN_UNREACHABLE_CODE = YES;
				CLANG_WARN__DUPLICATE_METHOD_MATCH = YES;
				COPY_PHASE_STRIP = NO;
				DEBUG_INFORMATION_FORMAT = "dwarf-with-dsym";
				ENABLE_NS_ASSERTIONS = NO;
				ENABLE_STRICT_OBJC_MSGSEND = YES;
				GCC_C_LANGUAGE_STANDARD = gnu11;
				GCC_NO_COMMON_BLOCKS = YES;
				GCC_WARN_64_TO_32_BIT_CONVERSION = YES;
				GCC_WARN_ABOUT_RETURN_TYPE = YES_ERROR;
				GCC_WARN_UNDECLARED_SELECTOR = YES;
				GCC_WARN_UNINITIALIZED_AUTOS = YES_AGGRESSIVE;
				GCC_WARN_UNUSED_FUNCTION = YES;
				GCC_WARN_UNUSED_VARIABLE = YES;
				IPHONEOS_DEPLOYMENT_TARGET = 13.0;
				MTL_ENABLE_DEBUG_INFO = NO;
				MTL_FAST_MATH = YES;
				SDKROOT = iphoneos;
				SWIFT_COMPILATION_MODE = wholemodule;
				SWIFT_OPTIMIZATION_LEVEL = "-O";
				VALIDATE_PRODUCT = YES;
			};
			name = Release;
		};
		1BA30BB52619847400B86DC6 /* Debug */ = {
			isa = XCBuildConfiguration;
			baseConfigurationReference = C3F726686D00ED0FDAA9B3F8 /* Pods-DayMoji.debug.xcconfig */;
			buildSettings = {
				ASSETCATALOG_COMPILER_APPICON_NAME = AppIcon;
				ASSETCATALOG_COMPILER_GLOBAL_ACCENT_COLOR_NAME = AccentColor;
				CODE_SIGN_STYLE = Automatic;
				DEVELOPMENT_TEAM = 6HR2MDUW2A;
				INFOPLIST_FILE = DayMoji/Info.plist;
				IPHONEOS_DEPLOYMENT_TARGET = 13.0;
				LD_RUNPATH_SEARCH_PATHS = (
					"$(inherited)",
					"@executable_path/Frameworks",
				);
				PRODUCT_BUNDLE_IDENTIFIER = com.daeun.DayMoji;
				PRODUCT_NAME = "$(TARGET_NAME)";
				SWIFT_VERSION = 5.0;
				TARGETED_DEVICE_FAMILY = 1;
			};
			name = Debug;
		};
		1BA30BB62619847400B86DC6 /* Release */ = {
			isa = XCBuildConfiguration;
			baseConfigurationReference = 7D2CFA81927705C985DDDBDF /* Pods-DayMoji.release.xcconfig */;
			buildSettings = {
				ASSETCATALOG_COMPILER_APPICON_NAME = AppIcon;
				ASSETCATALOG_COMPILER_GLOBAL_ACCENT_COLOR_NAME = AccentColor;
				CODE_SIGN_STYLE = Automatic;
				DEVELOPMENT_TEAM = 6HR2MDUW2A;
				INFOPLIST_FILE = DayMoji/Info.plist;
				IPHONEOS_DEPLOYMENT_TARGET = 13.0;
				LD_RUNPATH_SEARCH_PATHS = (
					"$(inherited)",
					"@executable_path/Frameworks",
				);
				PRODUCT_BUNDLE_IDENTIFIER = com.daeun.DayMoji;
				PRODUCT_NAME = "$(TARGET_NAME)";
				SWIFT_VERSION = 5.0;
				TARGETED_DEVICE_FAMILY = 1;
			};
			name = Release;
		};
/* End XCBuildConfiguration section */

/* Begin XCConfigurationList section */
		1BA30B9B2619847200B86DC6 /* Build configuration list for PBXProject "DayMoji" */ = {
			isa = XCConfigurationList;
			buildConfigurations = (
				1BA30BB22619847400B86DC6 /* Debug */,
				1BA30BB32619847400B86DC6 /* Release */,
			);
			defaultConfigurationIsVisible = 0;
			defaultConfigurationName = Release;
		};
		1BA30BB42619847400B86DC6 /* Build configuration list for PBXNativeTarget "DayMoji" */ = {
			isa = XCConfigurationList;
			buildConfigurations = (
				1BA30BB52619847400B86DC6 /* Debug */,
				1BA30BB62619847400B86DC6 /* Release */,
			);
			defaultConfigurationIsVisible = 0;
			defaultConfigurationName = Release;
		};
/* End XCConfigurationList section */
	};
	rootObject = 1BA30B982619847200B86DC6 /* Project object */;
}
